// !$*UTF8*$!
{
	archiveVersion = 1;
	classes = {
	};
	objectVersion = 56;
	objects = {

/* Begin PBXBuildFile section */
		5FE041F0292D4641005642B1 /* AppDelegate.swift in Sources */ = {isa = PBXBuildFile; fileRef = 5FE041EF292D4641005642B1 /* AppDelegate.swift */; };
		5FE041F2292D4641005642B1 /* SceneDelegate.swift in Sources */ = {isa = PBXBuildFile; fileRef = 5FE041F1292D4641005642B1 /* SceneDelegate.swift */; };
		5FE041F7292D4641005642B1 /* Main.storyboard in Resources */ = {isa = PBXBuildFile; fileRef = 5FE041F5292D4641005642B1 /* Main.storyboard */; };
		5FE041F9292D4642005642B1 /* Assets.xcassets in Resources */ = {isa = PBXBuildFile; fileRef = 5FE041F8292D4642005642B1 /* Assets.xcassets */; };
		5FE041FC292D4642005642B1 /* LaunchScreen.storyboard in Resources */ = {isa = PBXBuildFile; fileRef = 5FE041FA292D4642005642B1 /* LaunchScreen.storyboard */; };
		5FE04209292D4890005642B1 /* Person.swift in Sources */ = {isa = PBXBuildFile; fileRef = 5FE04208292D4890005642B1 /* Person.swift */; };
		5FE0420B292D5079005642B1 /* FirstContactsTableViewController.swift in Sources */ = {isa = PBXBuildFile; fileRef = 5FE0420A292D5079005642B1 /* FirstContactsTableViewController.swift */; };
		5FE0420D292D50C2005642B1 /* SecondContactsTableViewController.swift in Sources */ = {isa = PBXBuildFile; fileRef = 5FE0420C292D50C2005642B1 /* SecondContactsTableViewController.swift */; };
		5FE0420F292D5146005642B1 /* FirstContactsViewController.swift in Sources */ = {isa = PBXBuildFile; fileRef = 5FE0420E292D5146005642B1 /* FirstContactsViewController.swift */; };
		5FE04214292DD6A9005642B1 /* DataStore.swift in Sources */ = {isa = PBXBuildFile; fileRef = 5FE04213292DD6A9005642B1 /* DataStore.swift */; };
/* End PBXBuildFile section */

/* Begin PBXFileReference section */
		5FE041EC292D4641005642B1 /* ContactList_HW11.app */ = {isa = PBXFileReference; explicitFileType = wrapper.application; includeInIndex = 0; path = ContactList_HW11.app; sourceTree = BUILT_PRODUCTS_DIR; };
		5FE041EF292D4641005642B1 /* AppDelegate.swift */ = {isa = PBXFileReference; lastKnownFileType = sourcecode.swift; path = AppDelegate.swift; sourceTree = "<group>"; };
		5FE041F1292D4641005642B1 /* SceneDelegate.swift */ = {isa = PBXFileReference; lastKnownFileType = sourcecode.swift; path = SceneDelegate.swift; sourceTree = "<group>"; };
		5FE041F6292D4641005642B1 /* Base */ = {isa = PBXFileReference; lastKnownFileType = file.storyboard; name = Base; path = Base.lproj/Main.storyboard; sourceTree = "<group>"; };
		5FE041F8292D4642005642B1 /* Assets.xcassets */ = {isa = PBXFileReference; lastKnownFileType = folder.assetcatalog; path = Assets.xcassets; sourceTree = "<group>"; };
		5FE041FB292D4642005642B1 /* Base */ = {isa = PBXFileReference; lastKnownFileType = file.storyboard; name = Base; path = Base.lproj/LaunchScreen.storyboard; sourceTree = "<group>"; };
		5FE041FD292D4642005642B1 /* Info.plist */ = {isa = PBXFileReference; lastKnownFileType = text.plist.xml; path = Info.plist; sourceTree = "<group>"; };
		5FE04208292D4890005642B1 /* Person.swift */ = {isa = PBXFileReference; lastKnownFileType = sourcecode.swift; path = Person.swift; sourceTree = "<group>"; };
		5FE0420A292D5079005642B1 /* FirstContactsTableViewController.swift */ = {isa = PBXFileReference; lastKnownFileType = sourcecode.swift; path = FirstContactsTableViewController.swift; sourceTree = "<group>"; };
		5FE0420C292D50C2005642B1 /* SecondContactsTableViewController.swift */ = {isa = PBXFileReference; lastKnownFileType = sourcecode.swift; path = SecondContactsTableViewController.swift; sourceTree = "<group>"; };
		5FE0420E292D5146005642B1 /* FirstContactsViewController.swift */ = {isa = PBXFileReference; lastKnownFileType = sourcecode.swift; path = FirstContactsViewController.swift; sourceTree = "<group>"; };
		5FE04213292DD6A9005642B1 /* DataStore.swift */ = {isa = PBXFileReference; lastKnownFileType = sourcecode.swift; path = DataStore.swift; sourceTree = "<group>"; };
/* End PBXFileReference section */

/* Begin PBXFrameworksBuildPhase section */
		5FE041E9292D4641005642B1 /* Frameworks */ = {
			isa = PBXFrameworksBuildPhase;
			buildActionMask = 2147483647;
			files = (
			);
			runOnlyForDeploymentPostprocessing = 0;
		};
/* End PBXFrameworksBuildPhase section */

/* Begin PBXGroup section */
		5FE041E3292D4641005642B1 = {
			isa = PBXGroup;
			children = (
				5FE041EE292D4641005642B1 /* ContactList_HW11 */,
				5FE041ED292D4641005642B1 /* Products */,
			);
			sourceTree = "<group>";
		};
		5FE041ED292D4641005642B1 /* Products */ = {
			isa = PBXGroup;
			children = (
				5FE041EC292D4641005642B1 /* ContactList_HW11.app */,
			);
			name = Products;
			sourceTree = "<group>";
		};
		5FE041EE292D4641005642B1 /* ContactList_HW11 */ = {
			isa = PBXGroup;
			children = (
				5FE04212292DD686005642B1 /* Services */,
				5FE04203292D4662005642B1 /* App */,
				5FE04206292D46DC005642B1 /* ViewControllers */,
				5FE04204292D46AA005642B1 /* Storyboards */,
				5FE04207292D471D005642B1 /* Models */,
				5FE04205292D46C5005642B1 /* Resources */,
			);
			path = ContactList_HW11;
			sourceTree = "<group>";
		};
		5FE04203292D4662005642B1 /* App */ = {
			isa = PBXGroup;
			children = (
				5FE041EF292D4641005642B1 /* AppDelegate.swift */,
				5FE041F1292D4641005642B1 /* SceneDelegate.swift */,
				5FE041FD292D4642005642B1 /* Info.plist */,
			);
			path = App;
			sourceTree = "<group>";
		};
		5FE04204292D46AA005642B1 /* Storyboards */ = {
			isa = PBXGroup;
			children = (
				5FE041F5292D4641005642B1 /* Main.storyboard */,
				5FE041FA292D4642005642B1 /* LaunchScreen.storyboard */,
			);
			path = Storyboards;
			sourceTree = "<group>";
		};
		5FE04205292D46C5005642B1 /* Resources */ = {
			isa = PBXGroup;
			children = (
				5FE041F8292D4642005642B1 /* Assets.xcassets */,
			);
			path = Resources;
			sourceTree = "<group>";
		};
		5FE04206292D46DC005642B1 /* ViewControllers */ = {
			isa = PBXGroup;
			children = (
				5FE0420A292D5079005642B1 /* FirstContactsTableViewController.swift */,
				5FE0420E292D5146005642B1 /* FirstContactsViewController.swift */,
				5FE0420C292D50C2005642B1 /* SecondContactsTableViewController.swift */,
			);
			path = ViewControllers;
			sourceTree = "<group>";
		};
		5FE04207292D471D005642B1 /* Models */ = {
			isa = PBXGroup;
			children = (
				5FE04208292D4890005642B1 /* Person.swift */,
			);
			path = Models;
			sourceTree = "<group>";
		};
		5FE04212292DD686005642B1 /* Services */ = {
			isa = PBXGroup;
			children = (
				5FE04213292DD6A9005642B1 /* DataStore.swift */,
			);
			path = Services;
			sourceTree = "<group>";
		};
/* End PBXGroup section */

/* Begin PBXNativeTarget section */
		5FE041EB292D4641005642B1 /* ContactList_HW11 */ = {
			isa = PBXNativeTarget;
			buildConfigurationList = 5FE04200292D4642005642B1 /* Build configuration list for PBXNativeTarget "ContactList_HW11" */;
			buildPhases = (
				5FE041E8292D4641005642B1 /* Sources */,
				5FE041E9292D4641005642B1 /* Frameworks */,
				5FE041EA292D4641005642B1 /* Resources */,
			);
			buildRules = (
			);
			dependencies = (
			);
			name = ContactList_HW11;
			productName = ContactList_HW11;
			productReference = 5FE041EC292D4641005642B1 /* ContactList_HW11.app */;
			productType = "com.apple.product-type.application";
		};
/* End PBXNativeTarget section */

/* Begin PBXProject section */
		5FE041E4292D4641005642B1 /* Project object */ = {
			isa = PBXProject;
			attributes = {
				BuildIndependentTargetsInParallel = 1;
				LastSwiftUpdateCheck = 1410;
				LastUpgradeCheck = 1410;
				TargetAttributes = {
					5FE041EB292D4641005642B1 = {
						CreatedOnToolsVersion = 14.1;
					};
				};
			};
			buildConfigurationList = 5FE041E7292D4641005642B1 /* Build configuration list for PBXProject "ContactList_HW11" */;
			compatibilityVersion = "Xcode 14.0";
			developmentRegion = en;
			hasScannedForEncodings = 0;
			knownRegions = (
				en,
				Base,
			);
			mainGroup = 5FE041E3292D4641005642B1;
			productRefGroup = 5FE041ED292D4641005642B1 /* Products */;
			projectDirPath = "";
			projectRoot = "";
			targets = (
				5FE041EB292D4641005642B1 /* ContactList_HW11 */,
			);
		};
/* End PBXProject section */

/* Begin PBXResourcesBuildPhase section */
		5FE041EA292D4641005642B1 /* Resources */ = {
			isa = PBXResourcesBuildPhase;
			buildActionMask = 2147483647;
			files = (
				5FE041FC292D4642005642B1 /* LaunchScreen.storyboard in Resources */,
				5FE041F9292D4642005642B1 /* Assets.xcassets in Resources */,
				5FE041F7292D4641005642B1 /* Main.storyboard in Resources */,
			);
			runOnlyForDeploymentPostprocessing = 0;
		};
/* End PBXResourcesBuildPhase section */

/* Begin PBXSourcesBuildPhase section */
		5FE041E8292D4641005642B1 /* Sources */ = {
			isa = PBXSourcesBuildPhase;
			buildActionMask = 2147483647;
			files = (
				5FE0420F292D5146005642B1 /* FirstContactsViewController.swift in Sources */,
				5FE04214292DD6A9005642B1 /* DataStore.swift in Sources */,
				5FE04209292D4890005642B1 /* Person.swift in Sources */,
				5FE041F0292D4641005642B1 /* AppDelegate.swift in Sources */,
				5FE041F2292D4641005642B1 /* SceneDelegate.swift in Sources */,
				5FE0420B292D5079005642B1 /* FirstContactsTableViewController.swift in Sources */,
				5FE0420D292D50C2005642B1 /* SecondContactsTableViewController.swift in Sources */,
			);
			runOnlyForDeploymentPostprocessing = 0;
		};
/* End PBXSourcesBuildPhase section */

/* Begin PBXVariantGroup section */
		5FE041F5292D4641005642B1 /* Main.storyboard */ = {
			isa = PBXVariantGroup;
			children = (
				5FE041F6292D4641005642B1 /* Base */,
			);
			name = Main.storyboard;
			sourceTree = "<group>";
		};
		5FE041FA292D4642005642B1 /* LaunchScreen.storyboard */ = {
			isa = PBXVariantGroup;
			children = (
				5FE041FB292D4642005642B1 /* Base */,
			);
			name = LaunchScreen.storyboard;
			sourceTree = "<group>";
		};
/* End PBXVariantGroup section */

/* Begin XCBuildConfiguration section */
		5FE041FE292D4642005642B1 /* Debug */ = {
			isa = XCBuildConfiguration;
			buildSettings = {
				ALWAYS_SEARCH_USER_PATHS = NO;
				CLANG_ANALYZER_NONNULL = YES;
				CLANG_ANALYZER_NUMBER_OBJECT_CONVERSION = YES_AGGRESSIVE;
				CLANG_CXX_LANGUAGE_STANDARD = "gnu++20";
				CLANG_ENABLE_MODULES = YES;
				CLANG_ENABLE_OBJC_ARC = YES;
				CLANG_ENABLE_OBJC_WEAK = YES;
				CLANG_WARN_BLOCK_CAPTURE_AUTORELEASING = YES;
				CLANG_WARN_BOOL_CONVERSION = YES;
				CLANG_WARN_COMMA = YES;
				CLANG_WARN_CONSTANT_CONVERSION = YES;
				CLANG_WARN_DEPRECATED_OBJC_IMPLEMENTATIONS = YES;
				CLANG_WARN_DIRECT_OBJC_ISA_USAGE = YES_ERROR;
				CLANG_WARN_DOCUMENTATION_COMMENTS = YES;
				CLANG_WARN_EMPTY_BODY = YES;
				CLANG_WARN_ENUM_CONVERSION = YES;
				CLANG_WARN_INFINITE_RECURSION = YES;
				CLANG_WARN_INT_CONVERSION = YES;
				CLANG_WARN_NON_LITERAL_NULL_CONVERSION = YES;
				CLANG_WARN_OBJC_IMPLICIT_RETAIN_SELF = YES;
				CLANG_WARN_OBJC_LITERAL_CONVERSION = YES;
				CLANG_WARN_OBJC_ROOT_CLASS = YES_ERROR;
				CLANG_WARN_QUOTED_INCLUDE_IN_FRAMEWORK_HEADER = YES;
				CLANG_WARN_RANGE_LOOP_ANALYSIS = YES;
				CLANG_WARN_STRICT_PROTOTYPES = YES;
				CLANG_WARN_SUSPICIOUS_MOVE = YES;
				CLANG_WARN_UNGUARDED_AVAILABILITY = YES_AGGRESSIVE;
				CLANG_WARN_UNREACHABLE_CODE = YES;
				CLANG_WARN__DUPLICATE_METHOD_MATCH = YES;
				COPY_PHASE_STRIP = NO;
				DEBUG_INFORMATION_FORMAT = dwarf;
				ENABLE_STRICT_OBJC_MSGSEND = YES;
				ENABLE_TESTABILITY = YES;
				GCC_C_LANGUAGE_STANDARD = gnu11;
				GCC_DYNAMIC_NO_PIC = NO;
				GCC_NO_COMMON_BLOCKS = YES;
				GCC_OPTIMIZATION_LEVEL = 0;
				GCC_PREPROCESSOR_DEFINITIONS = (
					"DEBUG=1",
					"$(inherited)",
				);
				GCC_WARN_64_TO_32_BIT_CONVERSION = YES;
				GCC_WARN_ABOUT_RETURN_TYPE = YES_ERROR;
				GCC_WARN_UNDECLARED_SELECTOR = YES;
				GCC_WARN_UNINITIALIZED_AUTOS = YES_AGGRESSIVE;
				GCC_WARN_UNUSED_FUNCTION = YES;
				GCC_WARN_UNUSED_VARIABLE = YES;
				IPHONEOS_DEPLOYMENT_TARGET = 16.1;
				MTL_ENABLE_DEBUG_INFO = INCLUDE_SOURCE;
				MTL_FAST_MATH = YES;
				ONLY_ACTIVE_ARCH = YES;
				SDKROOT = iphoneos;
				SWIFT_ACTIVE_COMPILATION_CONDITIONS = DEBUG;
				SWIFT_OPTIMIZATION_LEVEL = "-Onone";
			};
			name = Debug;
		};
		5FE041FF292D4642005642B1 /* Release */ = {
			isa = XCBuildConfiguration;
			buildSettings = {
				ALWAYS_SEARCH_USER_PATHS = NO;
				CLANG_ANALYZER_NONNULL = YES;
				CLANG_ANALYZER_NUMBER_OBJECT_CONVERSION = YES_AGGRESSIVE;
				CLANG_CXX_LANGUAGE_STANDARD = "gnu++20";
				CLANG_ENABLE_MODULES = YES;
				CLANG_ENABLE_OBJC_ARC = YES;
				CLANG_ENABLE_OBJC_WEAK = YES;
				CLANG_WARN_BLOCK_CAPTURE_AUTORELEASING = YES;
				CLANG_WARN_BOOL_CONVERSION = YES;
				CLANG_WARN_COMMA = YES;
				CLANG_WARN_CONSTANT_CONVERSION = YES;
				CLANG_WARN_DEPRECATED_OBJC_IMPLEMENTATIONS = YES;
				CLANG_WARN_DIRECT_OBJC_ISA_USAGE = YES_ERROR;
				CLANG_WARN_DOCUMENTATION_COMMENTS = YES;
				CLANG_WARN_EMPTY_BODY = YES;
				CLANG_WARN_ENUM_CONVERSION = YES;
				CLANG_WARN_INFINITE_RECURSION = YES;
				CLANG_WARN_INT_CONVERSION = YES;
				CLANG_WARN_NON_LITERAL_NULL_CONVERSION = YES;
				CLANG_WARN_OBJC_IMPLICIT_RETAIN_SELF = YES;
				CLANG_WARN_OBJC_LITERAL_CONVERSION = YES;
				CLANG_WARN_OBJC_ROOT_CLASS = YES_ERROR;
				CLANG_WARN_QUOTED_INCLUDE_IN_FRAMEWORK_HEADER = YES;
				CLANG_WARN_RANGE_LOOP_ANALYSIS = YES;
				CLANG_WARN_STRICT_PROTOTYPES = YES;
				CLANG_WARN_SUSPICIOUS_MOVE = YES;
				CLANG_WARN_UNGUARDED_AVAILABILITY = YES_AGGRESSIVE;
				CLANG_WARN_UNREACHABLE_CODE = YES;
				CLANG_WARN__DUPLICATE_METHOD_MATCH = YES;
				COPY_PHASE_STRIP = NO;
				DEBUG_INFORMATION_FORMAT = "dwarf-with-dsym";
				ENABLE_NS_ASSERTIONS = NO;
				ENABLE_STRICT_OBJC_MSGSEND = YES;
				GCC_C_LANGUAGE_STANDARD = gnu11;
				GCC_NO_COMMON_BLOCKS = YES;
				GCC_WARN_64_TO_32_BIT_CONVERSION = YES;
				GCC_WARN_ABOUT_RETURN_TYPE = YES_ERROR;
				GCC_WARN_UNDECLARED_SELECTOR = YES;
				GCC_WARN_UNINITIALIZED_AUTOS = YES_AGGRESSIVE;
				GCC_WARN_UNUSED_FUNCTION = YES;
				GCC_WARN_UNUSED_VARIABLE = YES;
				IPHONEOS_DEPLOYMENT_TARGET = 16.1;
				MTL_ENABLE_DEBUG_INFO = NO;
				MTL_FAST_MATH = YES;
				SDKROOT = iphoneos;
				SWIFT_COMPILATION_MODE = wholemodule;
				SWIFT_OPTIMIZATION_LEVEL = "-O";
				VALIDATE_PRODUCT = YES;
			};
			name = Release;
		};
		5FE04201292D4642005642B1 /* Debug */ = {
			isa = XCBuildConfiguration;
			buildSettings = {
				ASSETCATALOG_COMPILER_APPICON_NAME = AppIcon;
				ASSETCATALOG_COMPILER_GLOBAL_ACCENT_COLOR_NAME = AccentColor;
				CODE_SIGN_STYLE = Automatic;
				CURRENT_PROJECT_VERSION = 1;
				DEVELOPMENT_TEAM = 4RJ3J5RA5L;
				GENERATE_INFOPLIST_FILE = YES;
				INFOPLIST_FILE = ContactList_HW11/App/Info.plist;
				INFOPLIST_KEY_UIApplicationSupportsIndirectInputEvents = YES;
				INFOPLIST_KEY_UILaunchStoryboardName = LaunchScreen;
				INFOPLIST_KEY_UIMainStoryboardFile = Main;
				INFOPLIST_KEY_UISupportedInterfaceOrientations = UIInterfaceOrientationPortrait;
				INFOPLIST_KEY_UISupportedInterfaceOrientations_iPad = "UIInterfaceOrientationLandscapeLeft UIInterfaceOrientationLandscapeRight UIInterfaceOrientationPortrait UIInterfaceOrientationPortraitUpsideDown";
				LD_RUNPATH_SEARCH_PATHS = (
					"$(inherited)",
					"@executable_path/Frameworks",
				);
				MARKETING_VERSION = 1.0;
				PRODUCT_BUNDLE_IDENTIFIER = "com.alishermalikov.ContactList-HW11";
				PRODUCT_NAME = "$(TARGET_NAME)";
				SUPPORTED_PLATFORMS = "iphoneos iphonesimulator";
				SUPPORTS_MACCATALYST = NO;
				SUPPORTS_MAC_DESIGNED_FOR_IPHONE_IPAD = NO;
				SWIFT_EMIT_LOC_STRINGS = YES;
				SWIFT_VERSION = 5.0;
				TARGETED_DEVICE_FAMILY = 1;
			};
			name = Debug;
		};
		5FE04202292D4642005642B1 /* Release */ = {
			isa = XCBuildConfiguration;
			buildSettings = {
				ASSETCATALOG_COMPILER_APPICON_NAME = AppIcon;
				ASSETCATALOG_COMPILER_GLOBAL_ACCENT_COLOR_NAME = AccentColor;
				CODE_SIGN_STYLE = Automatic;
				CURRENT_PROJECT_VERSION = 1;
				DEVELOPMENT_TEAM = 4RJ3J5RA5L;
				GENERATE_INFOPLIST_FILE = YES;
				INFOPLIST_FILE = ContactList_HW11/App/Info.plist;
				INFOPLIST_KEY_UIApplicationSupportsIndirectInputEvents = YES;
				INFOPLIST_KEY_UILaunchStoryboardName = LaunchScreen;
				INFOPLIST_KEY_UIMainStoryboardFile = Main;
				INFOPLIST_KEY_UISupportedInterfaceOrientations = UIInterfaceOrientationPortrait;
				INFOPLIST_KEY_UISupportedInterfaceOrientations_iPad = "UIInterfaceOrientationLandscapeLeft UIInterfaceOrientationLandscapeRight UIInterfaceOrientationPortrait UIInterfaceOrientationPortraitUpsideDown";
				LD_RUNPATH_SEARCH_PATHS = (
					"$(inherited)",
					"@executable_path/Frameworks",
				);
				MARKETING_VERSION = 1.0;
				PRODUCT_BUNDLE_IDENTIFIER = "com.alishermalikov.ContactList-HW11";
				PRODUCT_NAME = "$(TARGET_NAME)";
				SUPPORTED_PLATFORMS = "iphoneos iphonesimulator";
				SUPPORTS_MACCATALYST = NO;
				SUPPORTS_MAC_DESIGNED_FOR_IPHONE_IPAD = NO;
				SWIFT_EMIT_LOC_STRINGS = YES;
				SWIFT_VERSION = 5.0;
				TARGETED_DEVICE_FAMILY = 1;
			};
			name = Release;
		};
/* End XCBuildConfiguration section */

/* Begin XCConfigurationList section */
		5FE041E7292D4641005642B1 /* Build configuration list for PBXProject "ContactList_HW11" */ = {
			isa = XCConfigurationList;
			buildConfigurations = (
				5FE041FE292D4642005642B1 /* Debug */,
				5FE041FF292D4642005642B1 /* Release */,
			);
			defaultConfigurationIsVisible = 0;
			defaultConfigurationName = Release;
		};
		5FE04200292D4642005642B1 /* Build configuration list for PBXNativeTarget "ContactList_HW11" */ = {
			isa = XCConfigurationList;
			buildConfigurations = (
				5FE04201292D4642005642B1 /* Debug */,
				5FE04202292D4642005642B1 /* Release */,
			);
			defaultConfigurationIsVisible = 0;
			defaultConfigurationName = Release;
		};
/* End XCConfigurationList section */
	};
	rootObject = 5FE041E4292D4641005642B1 /* Project object */;
}
